// !$*UTF8*$!
{
	archiveVersion = 1;
	classes = {
	};
	objectVersion = 46;
	objects = {

/* Begin PBXBuildFile section */
		15653A7B15B83F84008C0F06 /* LICENSE in Resources */ = {isa = PBXBuildFile; fileRef = 15653A7A15B83F84008C0F06 /* LICENSE */; };
		371E295515433BFE00ECCAEF /* JBSignatureView.m in Sources */ = {isa = PBXBuildFile; fileRef = 371E295415433BFE00ECCAEF /* JBSignatureView.m */; };
		371E295815433C0800ECCAEF /* JBSignatureController.m in Sources */ = {isa = PBXBuildFile; fileRef = 371E295715433C0800ECCAEF /* JBSignatureController.m */; };
		371E295A15433C3900ECCAEF /* images in Resources */ = {isa = PBXBuildFile; fileRef = 371E295915433C3900ECCAEF /* images */; };
		37293A29154498F3007560A7 /* VisitorCounterViewController.m in Sources */ = {isa = PBXBuildFile; fileRef = 37293A28154498F2007560A7 /* VisitorCounterViewController.m */; };
		372C88AA1545200E00A3C31B /* Default-Portrait~ipad.png in Resources */ = {isa = PBXBuildFile; fileRef = 372C88A91545200E00A3C31B /* Default-Portrait~ipad.png */; };
		372C88AC1545201300A3C31B /* Default-Portrait@2x~ipad.png in Resources */ = {isa = PBXBuildFile; fileRef = 372C88AB1545201300A3C31B /* Default-Portrait@2x~ipad.png */; };
		372C88AE1545201900A3C31B /* Default-Landscape~ipad.png in Resources */ = {isa = PBXBuildFile; fileRef = 372C88AD1545201900A3C31B /* Default-Landscape~ipad.png */; };
		372C88B01545201D00A3C31B /* Default-Landscape@2x~ipad.png in Resources */ = {isa = PBXBuildFile; fileRef = 372C88AF1545201D00A3C31B /* Default-Landscape@2x~ipad.png */; };
		372C88B6154639A600A3C31B /* Model.xcdatamodeld in Sources */ = {isa = PBXBuildFile; fileRef = 372C88B4154639A600A3C31B /* Model.xcdatamodeld */; };
		372C88BD15463F1B00A3C31B /* main.m in Sources */ = {isa = PBXBuildFile; fileRef = 373110C7153E36C900FB43C8 /* main.m */; };
		372C88BE15463F1B00A3C31B /* AppDelegate.m in Sources */ = {isa = PBXBuildFile; fileRef = 373110CB153E36C900FB43C8 /* AppDelegate.m */; };
		372C88BF15463F1B00A3C31B /* MasterViewController.m in Sources */ = {isa = PBXBuildFile; fileRef = 373110D1153E36C900FB43C8 /* MasterViewController.m */; };
		372C88C115463F1B00A3C31B /* Visit.m in Sources */ = {isa = PBXBuildFile; fileRef = 37311103153E3AE000FB43C8 /* Visit.m */; };
		372C88C415463F1B00A3C31B /* ScheduleViewController.m in Sources */ = {isa = PBXBuildFile; fileRef = 379DA49D154269710081D42F /* ScheduleViewController.m */; };
		372C88C615463F1B00A3C31B /* JBSignatureView.m in Sources */ = {isa = PBXBuildFile; fileRef = 371E295415433BFE00ECCAEF /* JBSignatureView.m */; };
		372C88C715463F1B00A3C31B /* JBSignatureController.m in Sources */ = {isa = PBXBuildFile; fileRef = 371E295715433C0800ECCAEF /* JBSignatureController.m */; };
		372C88C815463F1B00A3C31B /* VisitorCounterViewController.m in Sources */ = {isa = PBXBuildFile; fileRef = 37293A28154498F2007560A7 /* VisitorCounterViewController.m */; };
		372C88C915463F1B00A3C31B /* Model.xcdatamodeld in Sources */ = {isa = PBXBuildFile; fileRef = 372C88B4154639A600A3C31B /* Model.xcdatamodeld */; };
		372C88CC15463F1B00A3C31B /* libRestKit.a in Frameworks */ = {isa = PBXBuildFile; fileRef = 373110F5153E387800FB43C8 /* libRestKit.a */; };
		372C88CD15463F1B00A3C31B /* QuartzCore.framework in Frameworks */ = {isa = PBXBuildFile; fileRef = 373110E7153E386600FB43C8 /* QuartzCore.framework */; };
		372C88CE15463F1B00A3C31B /* libxml2.dylib in Frameworks */ = {isa = PBXBuildFile; fileRef = 373110E5153E386100FB43C8 /* libxml2.dylib */; };
		372C88CF15463F1B00A3C31B /* SystemConfiguration.framework in Frameworks */ = {isa = PBXBuildFile; fileRef = 373110E3153E385B00FB43C8 /* SystemConfiguration.framework */; };
		372C88D015463F1B00A3C31B /* MobileCoreServices.framework in Frameworks */ = {isa = PBXBuildFile; fileRef = 373110E1153E385600FB43C8 /* MobileCoreServices.framework */; };
		372C88D115463F1B00A3C31B /* Security.framework in Frameworks */ = {isa = PBXBuildFile; fileRef = 373110DF153E384E00FB43C8 /* Security.framework */; };
		372C88D215463F1B00A3C31B /* CoreData.framework in Frameworks */ = {isa = PBXBuildFile; fileRef = 373110DD153E384800FB43C8 /* CoreData.framework */; };
		372C88D315463F1B00A3C31B /* CFNetwork.framework in Frameworks */ = {isa = PBXBuildFile; fileRef = 373110DB153E384100FB43C8 /* CFNetwork.framework */; };
		372C88D415463F1B00A3C31B /* UIKit.framework in Frameworks */ = {isa = PBXBuildFile; fileRef = 373110BB153E36C900FB43C8 /* UIKit.framework */; };
		372C88D515463F1B00A3C31B /* Foundation.framework in Frameworks */ = {isa = PBXBuildFile; fileRef = 373110BD153E36C900FB43C8 /* Foundation.framework */; };
		372C88D615463F1B00A3C31B /* CoreGraphics.framework in Frameworks */ = {isa = PBXBuildFile; fileRef = 373110BF153E36C900FB43C8 /* CoreGraphics.framework */; };
		372C88D815463F1B00A3C31B /* InfoPlist.strings in Resources */ = {isa = PBXBuildFile; fileRef = 373110C4153E36C900FB43C8 /* InfoPlist.strings */; };
		372C88D915463F1B00A3C31B /* MainStoryboard.storyboard in Resources */ = {isa = PBXBuildFile; fileRef = 373110CD153E36C900FB43C8 /* MainStoryboard.storyboard */; };
		372C88DA15463F1B00A3C31B /* images in Resources */ = {isa = PBXBuildFile; fileRef = 371E295915433C3900ECCAEF /* images */; };
		372C88DB15463F1B00A3C31B /* iPhoneIcon_Medium.png in Resources */ = {isa = PBXBuildFile; fileRef = 37A2209215450060002E26CD /* iPhoneIcon_Medium.png */; };
		372C88DC15463F1B00A3C31B /* iPhoneIcon_Big.png in Resources */ = {isa = PBXBuildFile; fileRef = 37A2209415450089002E26CD /* iPhoneIcon_Big.png */; };
		372C88DD15463F1B00A3C31B /* Default-Portrait~ipad.png in Resources */ = {isa = PBXBuildFile; fileRef = 372C88A91545200E00A3C31B /* Default-Portrait~ipad.png */; };
		372C88DE15463F1B00A3C31B /* Default-Portrait@2x~ipad.png in Resources */ = {isa = PBXBuildFile; fileRef = 372C88AB1545201300A3C31B /* Default-Portrait@2x~ipad.png */; };
		372C88DF15463F1B00A3C31B /* Default-Landscape~ipad.png in Resources */ = {isa = PBXBuildFile; fileRef = 372C88AD1545201900A3C31B /* Default-Landscape~ipad.png */; };
		372C88E015463F1B00A3C31B /* Default-Landscape@2x~ipad.png in Resources */ = {isa = PBXBuildFile; fileRef = 372C88AF1545201D00A3C31B /* Default-Landscape@2x~ipad.png */; };
		372C88E8154642F600A3C31B /* RKSeedDatabase.sqlite in Resources */ = {isa = PBXBuildFile; fileRef = 372C88E7154642F600A3C31B /* RKSeedDatabase.sqlite */; };
		373110BC153E36C900FB43C8 /* UIKit.framework in Frameworks */ = {isa = PBXBuildFile; fileRef = 373110BB153E36C900FB43C8 /* UIKit.framework */; };
		373110BE153E36C900FB43C8 /* Foundation.framework in Frameworks */ = {isa = PBXBuildFile; fileRef = 373110BD153E36C900FB43C8 /* Foundation.framework */; };
		373110C0153E36C900FB43C8 /* CoreGraphics.framework in Frameworks */ = {isa = PBXBuildFile; fileRef = 373110BF153E36C900FB43C8 /* CoreGraphics.framework */; };
		373110C6153E36C900FB43C8 /* InfoPlist.strings in Resources */ = {isa = PBXBuildFile; fileRef = 373110C4153E36C900FB43C8 /* InfoPlist.strings */; };
		373110C8153E36C900FB43C8 /* main.m in Sources */ = {isa = PBXBuildFile; fileRef = 373110C7153E36C900FB43C8 /* main.m */; };
		373110CC153E36C900FB43C8 /* AppDelegate.m in Sources */ = {isa = PBXBuildFile; fileRef = 373110CB153E36C900FB43C8 /* AppDelegate.m */; };
		373110CF153E36C900FB43C8 /* MainStoryboard.storyboard in Resources */ = {isa = PBXBuildFile; fileRef = 373110CD153E36C900FB43C8 /* MainStoryboard.storyboard */; };
		373110D2153E36C900FB43C8 /* MasterViewController.m in Sources */ = {isa = PBXBuildFile; fileRef = 373110D1153E36C900FB43C8 /* MasterViewController.m */; };
		373110DC153E384100FB43C8 /* CFNetwork.framework in Frameworks */ = {isa = PBXBuildFile; fileRef = 373110DB153E384100FB43C8 /* CFNetwork.framework */; };
		373110DE153E384800FB43C8 /* CoreData.framework in Frameworks */ = {isa = PBXBuildFile; fileRef = 373110DD153E384800FB43C8 /* CoreData.framework */; };
		373110E0153E384E00FB43C8 /* Security.framework in Frameworks */ = {isa = PBXBuildFile; fileRef = 373110DF153E384E00FB43C8 /* Security.framework */; };
		373110E2153E385600FB43C8 /* MobileCoreServices.framework in Frameworks */ = {isa = PBXBuildFile; fileRef = 373110E1153E385600FB43C8 /* MobileCoreServices.framework */; };
		373110E4153E385B00FB43C8 /* SystemConfiguration.framework in Frameworks */ = {isa = PBXBuildFile; fileRef = 373110E3153E385B00FB43C8 /* SystemConfiguration.framework */; };
		373110E6153E386100FB43C8 /* libxml2.dylib in Frameworks */ = {isa = PBXBuildFile; fileRef = 373110E5153E386100FB43C8 /* libxml2.dylib */; };
		373110E8153E386600FB43C8 /* QuartzCore.framework in Frameworks */ = {isa = PBXBuildFile; fileRef = 373110E7153E386600FB43C8 /* QuartzCore.framework */; };
		37311100153E38B900FB43C8 /* libRestKit.a in Frameworks */ = {isa = PBXBuildFile; fileRef = 373110F5153E387800FB43C8 /* libRestKit.a */; };
		37311104153E3AE000FB43C8 /* Visit.m in Sources */ = {isa = PBXBuildFile; fileRef = 37311103153E3AE000FB43C8 /* Visit.m */; };
		377A39DA15A40396000BD5FC /* checkmark.png in Resources */ = {isa = PBXBuildFile; fileRef = 377A39D815A40396000BD5FC /* checkmark.png */; };
		377A39DB15A40396000BD5FC /* checkmark@2x.png in Resources */ = {isa = PBXBuildFile; fileRef = 377A39D915A40396000BD5FC /* checkmark@2x.png */; };
		377BE1B1159CFCE10020E6F6 /* DetailViewController.m in Sources */ = {isa = PBXBuildFile; fileRef = 377BE1B0159CFCE10020E6F6 /* DetailViewController.m */; };
		377BE1B2159CFCE10020E6F6 /* DetailViewController.m in Sources */ = {isa = PBXBuildFile; fileRef = 377BE1B0159CFCE10020E6F6 /* DetailViewController.m */; };
		379DA49E154269710081D42F /* ScheduleViewController.m in Sources */ = {isa = PBXBuildFile; fileRef = 379DA49D154269710081D42F /* ScheduleViewController.m */; };
		37A2209315450060002E26CD /* iPhoneIcon_Medium.png in Resources */ = {isa = PBXBuildFile; fileRef = 37A2209215450060002E26CD /* iPhoneIcon_Medium.png */; };
		37A2209515450089002E26CD /* iPhoneIcon_Big.png in Resources */ = {isa = PBXBuildFile; fileRef = 37A2209415450089002E26CD /* iPhoneIcon_Big.png */; };
		37B9A22215A2AD8800B0C0EF /* blackButton.png in Resources */ = {isa = PBXBuildFile; fileRef = 37B9A20515A2AD8800B0C0EF /* blackButton.png */; };
		37B9A22315A2AD8800B0C0EF /* blackButton@2x.png in Resources */ = {isa = PBXBuildFile; fileRef = 37B9A20615A2AD8800B0C0EF /* blackButton@2x.png */; };
		37B9A22415A2AD8800B0C0EF /* blackButtonHighlight.png in Resources */ = {isa = PBXBuildFile; fileRef = 37B9A20715A2AD8800B0C0EF /* blackButtonHighlight.png */; };
		37B9A22515A2AD8800B0C0EF /* blackButtonHighlight@2x.png in Resources */ = {isa = PBXBuildFile; fileRef = 37B9A20815A2AD8800B0C0EF /* blackButtonHighlight@2x.png */; };
		37B9A22615A2AD8800B0C0EF /* blueButton.png in Resources */ = {isa = PBXBuildFile; fileRef = 37B9A20915A2AD8800B0C0EF /* blueButton.png */; };
		37B9A22715A2AD8800B0C0EF /* blueButton@2x.png in Resources */ = {isa = PBXBuildFile; fileRef = 37B9A20A15A2AD8800B0C0EF /* blueButton@2x.png */; };
		37B9A22815A2AD8800B0C0EF /* blueButtonHighlight.png in Resources */ = {isa = PBXBuildFile; fileRef = 37B9A20B15A2AD8800B0C0EF /* blueButtonHighlight.png */; };
		37B9A22915A2AD8800B0C0EF /* blueButtonHighlight@2x.png in Resources */ = {isa = PBXBuildFile; fileRef = 37B9A20C15A2AD8800B0C0EF /* blueButtonHighlight@2x.png */; };
		37B9A22A15A2AD8800B0C0EF /* greenButton.png in Resources */ = {isa = PBXBuildFile; fileRef = 37B9A20D15A2AD8800B0C0EF /* greenButton.png */; };
		37B9A22B15A2AD8800B0C0EF /* greenButton@2x.png in Resources */ = {isa = PBXBuildFile; fileRef = 37B9A20E15A2AD8800B0C0EF /* greenButton@2x.png */; };
		37B9A22C15A2AD8800B0C0EF /* greenButtonHighlight.png in Resources */ = {isa = PBXBuildFile; fileRef = 37B9A20F15A2AD8800B0C0EF /* greenButtonHighlight.png */; };
		37B9A22D15A2AD8800B0C0EF /* greenButtonHighlight@2x.png in Resources */ = {isa = PBXBuildFile; fileRef = 37B9A21015A2AD8800B0C0EF /* greenButtonHighlight@2x.png */; };
		37B9A22E15A2AD8800B0C0EF /* greyButton.png in Resources */ = {isa = PBXBuildFile; fileRef = 37B9A21115A2AD8800B0C0EF /* greyButton.png */; };
		37B9A22F15A2AD8800B0C0EF /* greyButton@2x.png in Resources */ = {isa = PBXBuildFile; fileRef = 37B9A21215A2AD8800B0C0EF /* greyButton@2x.png */; };
		37B9A23015A2AD8800B0C0EF /* greyButton@2xpng in Resources */ = {isa = PBXBuildFile; fileRef = 37B9A21315A2AD8800B0C0EF /* greyButton@2xpng */; };
		37B9A23115A2AD8800B0C0EF /* greyButtonHighlight.png in Resources */ = {isa = PBXBuildFile; fileRef = 37B9A21415A2AD8800B0C0EF /* greyButtonHighlight.png */; };
		37B9A23215A2AD8800B0C0EF /* greyButtonHighlight@2x.png in Resources */ = {isa = PBXBuildFile; fileRef = 37B9A21515A2AD8800B0C0EF /* greyButtonHighlight@2x.png */; };
		37B9A23315A2AD8800B0C0EF /* orangeButton.png in Resources */ = {isa = PBXBuildFile; fileRef = 37B9A21615A2AD8800B0C0EF /* orangeButton.png */; };
		37B9A23415A2AD8800B0C0EF /* orangeButton@2x.png in Resources */ = {isa = PBXBuildFile; fileRef = 37B9A21715A2AD8800B0C0EF /* orangeButton@2x.png */; };
		37B9A23515A2AD8800B0C0EF /* orangeButtonHighlight.png in Resources */ = {isa = PBXBuildFile; fileRef = 37B9A21815A2AD8800B0C0EF /* orangeButtonHighlight.png */; };
		37B9A23615A2AD8800B0C0EF /* orangeButtonHighlight@2x.png in Resources */ = {isa = PBXBuildFile; fileRef = 37B9A21915A2AD8800B0C0EF /* orangeButtonHighlight@2x.png */; };
		37B9A23715A2AD8800B0C0EF /* tanButton.png in Resources */ = {isa = PBXBuildFile; fileRef = 37B9A21A15A2AD8800B0C0EF /* tanButton.png */; };
		37B9A23815A2AD8800B0C0EF /* tanButton@2x.png in Resources */ = {isa = PBXBuildFile; fileRef = 37B9A21B15A2AD8800B0C0EF /* tanButton@2x.png */; };
		37B9A23915A2AD8800B0C0EF /* tanButtonHighlight.png in Resources */ = {isa = PBXBuildFile; fileRef = 37B9A21C15A2AD8800B0C0EF /* tanButtonHighlight.png */; };
		37B9A23A15A2AD8800B0C0EF /* tanButtonHighlight@2x.png in Resources */ = {isa = PBXBuildFile; fileRef = 37B9A21D15A2AD8800B0C0EF /* tanButtonHighlight@2x.png */; };
		37B9A23B15A2AD8800B0C0EF /* whiteButton.png in Resources */ = {isa = PBXBuildFile; fileRef = 37B9A21E15A2AD8800B0C0EF /* whiteButton.png */; };
		37B9A23C15A2AD8800B0C0EF /* whiteButton@2x.png in Resources */ = {isa = PBXBuildFile; fileRef = 37B9A21F15A2AD8800B0C0EF /* whiteButton@2x.png */; };
		37B9A23D15A2AD8800B0C0EF /* whiteButtonHighlight.png in Resources */ = {isa = PBXBuildFile; fileRef = 37B9A22015A2AD8800B0C0EF /* whiteButtonHighlight.png */; };
		37B9A23E15A2AD8800B0C0EF /* whiteButtonHighlight@2x.png in Resources */ = {isa = PBXBuildFile; fileRef = 37B9A22115A2AD8800B0C0EF /* whiteButtonHighlight@2x.png */; };
		37DF3ED115B363A2005BE2A0 /* ImageHelper.m in Sources */ = {isa = PBXBuildFile; fileRef = 37DF3ED015B363A2005BE2A0 /* ImageHelper.m */; };
/* End PBXBuildFile section */

/* Begin PBXContainerItemProxy section */
		372C88BB15463F1B00A3C31B /* PBXContainerItemProxy */ = {
			isa = PBXContainerItemProxy;
			containerPortal = 373110E9153E387700FB43C8 /* RestKit.xcodeproj */;
			proxyType = 1;
			remoteGlobalIDString = 25160D1514564E810060A5C5;
			remoteInfo = RestKit;
		};
		373110F4153E387800FB43C8 /* PBXContainerItemProxy */ = {
			isa = PBXContainerItemProxy;
			containerPortal = 373110E9153E387700FB43C8 /* RestKit.xcodeproj */;
			proxyType = 2;
			remoteGlobalIDString = 25160D1614564E810060A5C5;
			remoteInfo = RestKit;
		};
		373110F6153E387800FB43C8 /* PBXContainerItemProxy */ = {
			isa = PBXContainerItemProxy;
			containerPortal = 373110E9153E387700FB43C8 /* RestKit.xcodeproj */;
			proxyType = 2;
			remoteGlobalIDString = 25160D2614564E820060A5C5;
			remoteInfo = RestKitTests;
		};
		373110F8153E387800FB43C8 /* PBXContainerItemProxy */ = {
			isa = PBXContainerItemProxy;
			containerPortal = 373110E9153E387700FB43C8 /* RestKit.xcodeproj */;
			proxyType = 2;
			remoteGlobalIDString = 25160E62145651060060A5C5;
			remoteInfo = RestKitFramework;
		};
		373110FA153E387800FB43C8 /* PBXContainerItemProxy */ = {
			isa = PBXContainerItemProxy;
			containerPortal = 373110E9153E387700FB43C8 /* RestKit.xcodeproj */;
			proxyType = 2;
			remoteGlobalIDString = 25160E78145651060060A5C5;
			remoteInfo = RestKitFrameworkTests;
		};
		373110FC153E387800FB43C8 /* PBXContainerItemProxy */ = {
			isa = PBXContainerItemProxy;
			containerPortal = 373110E9153E387700FB43C8 /* RestKit.xcodeproj */;
			proxyType = 2;
			remoteGlobalIDString = 259C301615128079003066A2;
			remoteInfo = RestKitResources;
		};
		373110FE153E38AF00FB43C8 /* PBXContainerItemProxy */ = {
			isa = PBXContainerItemProxy;
			containerPortal = 373110E9153E387700FB43C8 /* RestKit.xcodeproj */;
			proxyType = 1;
			remoteGlobalIDString = 25160D1514564E810060A5C5;
			remoteInfo = RestKit;
		};
/* End PBXContainerItemProxy section */

/* Begin PBXFileReference section */
		15653A7A15B83F84008C0F06 /* LICENSE */ = {isa = PBXFileReference; fileEncoding = 4; path = LICENSE; sourceTree = "<group>"; };
		371E295315433BFE00ECCAEF /* JBSignatureView.h */ = {isa = PBXFileReference; fileEncoding = 4; lastKnownFileType = sourcecode.c.h; path = JBSignatureView.h; sourceTree = "<group>"; };
		371E295415433BFE00ECCAEF /* JBSignatureView.m */ = {isa = PBXFileReference; fileEncoding = 4; lastKnownFileType = sourcecode.c.objc; path = JBSignatureView.m; sourceTree = "<group>"; };
		371E295615433C0800ECCAEF /* JBSignatureController.h */ = {isa = PBXFileReference; fileEncoding = 4; lastKnownFileType = sourcecode.c.h; path = JBSignatureController.h; sourceTree = "<group>"; };
		371E295715433C0800ECCAEF /* JBSignatureController.m */ = {isa = PBXFileReference; fileEncoding = 4; lastKnownFileType = sourcecode.c.objc; path = JBSignatureController.m; sourceTree = "<group>"; };
		371E295915433C3900ECCAEF /* images */ = {isa = PBXFileReference; lastKnownFileType = folder; path = images; sourceTree = "<group>"; };
		37293A27154498F2007560A7 /* VisitorCounterViewController.h */ = {isa = PBXFileReference; fileEncoding = 4; lastKnownFileType = sourcecode.c.h; path = VisitorCounterViewController.h; sourceTree = "<group>"; };
		37293A28154498F2007560A7 /* VisitorCounterViewController.m */ = {isa = PBXFileReference; fileEncoding = 4; lastKnownFileType = sourcecode.c.objc; path = VisitorCounterViewController.m; sourceTree = "<group>"; };
		372C88A91545200E00A3C31B /* Default-Portrait~ipad.png */ = {isa = PBXFileReference; lastKnownFileType = image.png; name = "Default-Portrait~ipad.png"; path = "../Default-Portrait~ipad.png"; sourceTree = "<group>"; };
		372C88AB1545201300A3C31B /* Default-Portrait@2x~ipad.png */ = {isa = PBXFileReference; lastKnownFileType = image.png; name = "Default-Portrait@2x~ipad.png"; path = "../Default-Portrait@2x~ipad.png"; sourceTree = "<group>"; };
		372C88AD1545201900A3C31B /* Default-Landscape~ipad.png */ = {isa = PBXFileReference; lastKnownFileType = image.png; name = "Default-Landscape~ipad.png"; path = "../Default-Landscape~ipad.png"; sourceTree = "<group>"; };
		372C88AF1545201D00A3C31B /* Default-Landscape@2x~ipad.png */ = {isa = PBXFileReference; lastKnownFileType = image.png; name = "Default-Landscape@2x~ipad.png"; path = "../Default-Landscape@2x~ipad.png"; sourceTree = "<group>"; };
		372C88B5154639A600A3C31B /* Model.xcdatamodel */ = {isa = PBXFileReference; lastKnownFileType = wrapper.xcdatamodel; path = Model.xcdatamodel; sourceTree = "<group>"; };
		372C88E415463F1B00A3C31B /* FishCount copy.app */ = {isa = PBXFileReference; explicitFileType = wrapper.application; includeInIndex = 0; path = "FishCount copy.app"; sourceTree = BUILT_PRODUCTS_DIR; };
		372C88E615463F1C00A3C31B /* FishCount copy2-Info.plist */ = {isa = PBXFileReference; lastKnownFileType = text.plist.xml; name = "FishCount copy2-Info.plist"; path = "/Users/monkeymojo/Dev/FishCount/FishCount copy2-Info.plist"; sourceTree = "<absolute>"; };
		372C88E7154642F600A3C31B /* RKSeedDatabase.sqlite */ = {isa = PBXFileReference; lastKnownFileType = file; path = RKSeedDatabase.sqlite; sourceTree = "<group>"; };
		373110B7153E36C900FB43C8 /* FishCount.app */ = {isa = PBXFileReference; explicitFileType = wrapper.application; includeInIndex = 0; path = FishCount.app; sourceTree = BUILT_PRODUCTS_DIR; };
		373110BB153E36C900FB43C8 /* UIKit.framework */ = {isa = PBXFileReference; lastKnownFileType = wrapper.framework; name = UIKit.framework; path = System/Library/Frameworks/UIKit.framework; sourceTree = SDKROOT; };
		373110BD153E36C900FB43C8 /* Foundation.framework */ = {isa = PBXFileReference; lastKnownFileType = wrapper.framework; name = Foundation.framework; path = System/Library/Frameworks/Foundation.framework; sourceTree = SDKROOT; };
		373110BF153E36C900FB43C8 /* CoreGraphics.framework */ = {isa = PBXFileReference; lastKnownFileType = wrapper.framework; name = CoreGraphics.framework; path = System/Library/Frameworks/CoreGraphics.framework; sourceTree = SDKROOT; };
		373110C3153E36C900FB43C8 /* FishCount-Info.plist */ = {isa = PBXFileReference; lastKnownFileType = text.plist.xml; path = "FishCount-Info.plist"; sourceTree = "<group>"; };
		373110C5153E36C900FB43C8 /* en */ = {isa = PBXFileReference; lastKnownFileType = text.plist.strings; name = en; path = en.lproj/InfoPlist.strings; sourceTree = "<group>"; };
		373110C7153E36C900FB43C8 /* main.m */ = {isa = PBXFileReference; lastKnownFileType = sourcecode.c.objc; path = main.m; sourceTree = "<group>"; };
		373110C9153E36C900FB43C8 /* FishCount-Prefix.pch */ = {isa = PBXFileReference; lastKnownFileType = sourcecode.c.h; path = "FishCount-Prefix.pch"; sourceTree = "<group>"; };
		373110CA153E36C900FB43C8 /* AppDelegate.h */ = {isa = PBXFileReference; lastKnownFileType = sourcecode.c.h; path = AppDelegate.h; sourceTree = "<group>"; };
		373110CB153E36C900FB43C8 /* AppDelegate.m */ = {isa = PBXFileReference; lastKnownFileType = sourcecode.c.objc; path = AppDelegate.m; sourceTree = "<group>"; };
		373110CE153E36C900FB43C8 /* en */ = {isa = PBXFileReference; lastKnownFileType = file.storyboard; name = en; path = en.lproj/MainStoryboard.storyboard; sourceTree = "<group>"; };
		373110D0153E36C900FB43C8 /* MasterViewController.h */ = {isa = PBXFileReference; lastKnownFileType = sourcecode.c.h; path = MasterViewController.h; sourceTree = "<group>"; };
		373110D1153E36C900FB43C8 /* MasterViewController.m */ = {isa = PBXFileReference; lastKnownFileType = sourcecode.c.objc; path = MasterViewController.m; sourceTree = "<group>"; };
		373110DB153E384100FB43C8 /* CFNetwork.framework */ = {isa = PBXFileReference; lastKnownFileType = wrapper.framework; name = CFNetwork.framework; path = System/Library/Frameworks/CFNetwork.framework; sourceTree = SDKROOT; };
		373110DD153E384800FB43C8 /* CoreData.framework */ = {isa = PBXFileReference; lastKnownFileType = wrapper.framework; name = CoreData.framework; path = System/Library/Frameworks/CoreData.framework; sourceTree = SDKROOT; };
		373110DF153E384E00FB43C8 /* Security.framework */ = {isa = PBXFileReference; lastKnownFileType = wrapper.framework; name = Security.framework; path = System/Library/Frameworks/Security.framework; sourceTree = SDKROOT; };
		373110E1153E385600FB43C8 /* MobileCoreServices.framework */ = {isa = PBXFileReference; lastKnownFileType = wrapper.framework; name = MobileCoreServices.framework; path = System/Library/Frameworks/MobileCoreServices.framework; sourceTree = SDKROOT; };
		373110E3153E385B00FB43C8 /* SystemConfiguration.framework */ = {isa = PBXFileReference; lastKnownFileType = wrapper.framework; name = SystemConfiguration.framework; path = System/Library/Frameworks/SystemConfiguration.framework; sourceTree = SDKROOT; };
		373110E5153E386100FB43C8 /* libxml2.dylib */ = {isa = PBXFileReference; lastKnownFileType = "compiled.mach-o.dylib"; name = libxml2.dylib; path = usr/lib/libxml2.dylib; sourceTree = SDKROOT; };
		373110E7153E386600FB43C8 /* QuartzCore.framework */ = {isa = PBXFileReference; lastKnownFileType = wrapper.framework; name = QuartzCore.framework; path = System/Library/Frameworks/QuartzCore.framework; sourceTree = SDKROOT; };
		373110E9153E387700FB43C8 /* RestKit.xcodeproj */ = {isa = PBXFileReference; lastKnownFileType = "wrapper.pb-project"; name = RestKit.xcodeproj; path = RestKit/RestKit.xcodeproj; sourceTree = "<group>"; };
		37311102153E3AE000FB43C8 /* Visit.h */ = {isa = PBXFileReference; fileEncoding = 4; lastKnownFileType = sourcecode.c.h; path = Visit.h; sourceTree = "<group>"; };
		37311103153E3AE000FB43C8 /* Visit.m */ = {isa = PBXFileReference; fileEncoding = 4; lastKnownFileType = sourcecode.c.objc; path = Visit.m; sourceTree = "<group>"; };
		37311126153E473F00FB43C8 /* FishCount copy-Info.plist */ = {isa = PBXFileReference; lastKnownFileType = text.plist.xml; name = "FishCount copy-Info.plist"; path = "/Users/monkeymojo/Dev/FishCount/FishCount copy-Info.plist"; sourceTree = "<absolute>"; };
		37311127153E475600FB43C8 /* visits.json */ = {isa = PBXFileReference; fileEncoding = 4; lastKnownFileType = text.json; path = visits.json; sourceTree = "<group>"; };
		377A39D815A40396000BD5FC /* checkmark.png */ = {isa = PBXFileReference; lastKnownFileType = image.png; path = checkmark.png; sourceTree = "<group>"; };
		377A39D915A40396000BD5FC /* checkmark@2x.png */ = {isa = PBXFileReference; lastKnownFileType = image.png; path = "checkmark@2x.png"; sourceTree = "<group>"; };
		377BE1AF159CFCE10020E6F6 /* DetailViewController.h */ = {isa = PBXFileReference; fileEncoding = 4; lastKnownFileType = sourcecode.c.h; path = DetailViewController.h; sourceTree = "<group>"; };
		377BE1B0159CFCE10020E6F6 /* DetailViewController.m */ = {isa = PBXFileReference; fileEncoding = 4; lastKnownFileType = sourcecode.c.objc; path = DetailViewController.m; sourceTree = "<group>"; };
		379DA49C154269710081D42F /* ScheduleViewController.h */ = {isa = PBXFileReference; fileEncoding = 4; lastKnownFileType = sourcecode.c.h; path = ScheduleViewController.h; sourceTree = "<group>"; };
		379DA49D154269710081D42F /* ScheduleViewController.m */ = {isa = PBXFileReference; fileEncoding = 4; lastKnownFileType = sourcecode.c.objc; path = ScheduleViewController.m; sourceTree = "<group>"; };
		37A2209215450060002E26CD /* iPhoneIcon_Medium.png */ = {isa = PBXFileReference; lastKnownFileType = image.png; name = iPhoneIcon_Medium.png; path = ../iPhoneIcon_Medium.png; sourceTree = "<group>"; };
		37A2209415450089002E26CD /* iPhoneIcon_Big.png */ = {isa = PBXFileReference; lastKnownFileType = image.png; name = iPhoneIcon_Big.png; path = ../iPhoneIcon_Big.png; sourceTree = "<group>"; };
		37B9A20515A2AD8800B0C0EF /* blackButton.png */ = {isa = PBXFileReference; lastKnownFileType = image.png; path = blackButton.png; sourceTree = "<group>"; };
		37B9A20615A2AD8800B0C0EF /* blackButton@2x.png */ = {isa = PBXFileReference; lastKnownFileType = image.png; path = "blackButton@2x.png"; sourceTree = "<group>"; };
		37B9A20715A2AD8800B0C0EF /* blackButtonHighlight.png */ = {isa = PBXFileReference; lastKnownFileType = image.png; path = blackButtonHighlight.png; sourceTree = "<group>"; };
		37B9A20815A2AD8800B0C0EF /* blackButtonHighlight@2x.png */ = {isa = PBXFileReference; lastKnownFileType = image.png; path = "blackButtonHighlight@2x.png"; sourceTree = "<group>"; };
		37B9A20915A2AD8800B0C0EF /* blueButton.png */ = {isa = PBXFileReference; lastKnownFileType = image.png; path = blueButton.png; sourceTree = "<group>"; };
		37B9A20A15A2AD8800B0C0EF /* blueButton@2x.png */ = {isa = PBXFileReference; lastKnownFileType = image.png; path = "blueButton@2x.png"; sourceTree = "<group>"; };
		37B9A20B15A2AD8800B0C0EF /* blueButtonHighlight.png */ = {isa = PBXFileReference; lastKnownFileType = image.png; path = blueButtonHighlight.png; sourceTree = "<group>"; };
		37B9A20C15A2AD8800B0C0EF /* blueButtonHighlight@2x.png */ = {isa = PBXFileReference; lastKnownFileType = image.png; path = "blueButtonHighlight@2x.png"; sourceTree = "<group>"; };
		37B9A20D15A2AD8800B0C0EF /* greenButton.png */ = {isa = PBXFileReference; lastKnownFileType = image.png; path = greenButton.png; sourceTree = "<group>"; };
		37B9A20E15A2AD8800B0C0EF /* greenButton@2x.png */ = {isa = PBXFileReference; lastKnownFileType = image.png; path = "greenButton@2x.png"; sourceTree = "<group>"; };
		37B9A20F15A2AD8800B0C0EF /* greenButtonHighlight.png */ = {isa = PBXFileReference; lastKnownFileType = image.png; path = greenButtonHighlight.png; sourceTree = "<group>"; };
		37B9A21015A2AD8800B0C0EF /* greenButtonHighlight@2x.png */ = {isa = PBXFileReference; lastKnownFileType = image.png; path = "greenButtonHighlight@2x.png"; sourceTree = "<group>"; };
		37B9A21115A2AD8800B0C0EF /* greyButton.png */ = {isa = PBXFileReference; lastKnownFileType = image.png; path = greyButton.png; sourceTree = "<group>"; };
		37B9A21215A2AD8800B0C0EF /* greyButton@2x.png */ = {isa = PBXFileReference; lastKnownFileType = image.png; path = "greyButton@2x.png"; sourceTree = "<group>"; };
		37B9A21315A2AD8800B0C0EF /* greyButton@2xpng */ = {isa = PBXFileReference; lastKnownFileType = file; path = "greyButton@2xpng"; sourceTree = "<group>"; };
		37B9A21415A2AD8800B0C0EF /* greyButtonHighlight.png */ = {isa = PBXFileReference; lastKnownFileType = image.png; path = greyButtonHighlight.png; sourceTree = "<group>"; };
		37B9A21515A2AD8800B0C0EF /* greyButtonHighlight@2x.png */ = {isa = PBXFileReference; lastKnownFileType = image.png; path = "greyButtonHighlight@2x.png"; sourceTree = "<group>"; };
		37B9A21615A2AD8800B0C0EF /* orangeButton.png */ = {isa = PBXFileReference; lastKnownFileType = image.png; path = orangeButton.png; sourceTree = "<group>"; };
		37B9A21715A2AD8800B0C0EF /* orangeButton@2x.png */ = {isa = PBXFileReference; lastKnownFileType = image.png; path = "orangeButton@2x.png"; sourceTree = "<group>"; };
		37B9A21815A2AD8800B0C0EF /* orangeButtonHighlight.png */ = {isa = PBXFileReference; lastKnownFileType = image.png; path = orangeButtonHighlight.png; sourceTree = "<group>"; };
		37B9A21915A2AD8800B0C0EF /* orangeButtonHighlight@2x.png */ = {isa = PBXFileReference; lastKnownFileType = image.png; path = "orangeButtonHighlight@2x.png"; sourceTree = "<group>"; };
		37B9A21A15A2AD8800B0C0EF /* tanButton.png */ = {isa = PBXFileReference; lastKnownFileType = image.png; path = tanButton.png; sourceTree = "<group>"; };
		37B9A21B15A2AD8800B0C0EF /* tanButton@2x.png */ = {isa = PBXFileReference; lastKnownFileType = image.png; path = "tanButton@2x.png"; sourceTree = "<group>"; };
		37B9A21C15A2AD8800B0C0EF /* tanButtonHighlight.png */ = {isa = PBXFileReference; lastKnownFileType = image.png; path = tanButtonHighlight.png; sourceTree = "<group>"; };
		37B9A21D15A2AD8800B0C0EF /* tanButtonHighlight@2x.png */ = {isa = PBXFileReference; lastKnownFileType = image.png; path = "tanButtonHighlight@2x.png"; sourceTree = "<group>"; };
		37B9A21E15A2AD8800B0C0EF /* whiteButton.png */ = {isa = PBXFileReference; lastKnownFileType = image.png; path = whiteButton.png; sourceTree = "<group>"; };
		37B9A21F15A2AD8800B0C0EF /* whiteButton@2x.png */ = {isa = PBXFileReference; lastKnownFileType = image.png; path = "whiteButton@2x.png"; sourceTree = "<group>"; };
		37B9A22015A2AD8800B0C0EF /* whiteButtonHighlight.png */ = {isa = PBXFileReference; lastKnownFileType = image.png; path = whiteButtonHighlight.png; sourceTree = "<group>"; };
		37B9A22115A2AD8800B0C0EF /* whiteButtonHighlight@2x.png */ = {isa = PBXFileReference; lastKnownFileType = image.png; path = "whiteButtonHighlight@2x.png"; sourceTree = "<group>"; };
		37DF3ECF15B363A2005BE2A0 /* ImageHelper.h */ = {isa = PBXFileReference; fileEncoding = 4; lastKnownFileType = sourcecode.c.h; path = ImageHelper.h; sourceTree = "<group>"; };
		37DF3ED015B363A2005BE2A0 /* ImageHelper.m */ = {isa = PBXFileReference; fileEncoding = 4; lastKnownFileType = sourcecode.c.objc; path = ImageHelper.m; sourceTree = "<group>"; };
/* End PBXFileReference section */

/* Begin PBXFrameworksBuildPhase section */
		372C88CA15463F1B00A3C31B /* Frameworks */ = {
			isa = PBXFrameworksBuildPhase;
			buildActionMask = 2147483647;
			files = (
				372C88CC15463F1B00A3C31B /* libRestKit.a in Frameworks */,
				372C88CD15463F1B00A3C31B /* QuartzCore.framework in Frameworks */,
				372C88CE15463F1B00A3C31B /* libxml2.dylib in Frameworks */,
				372C88CF15463F1B00A3C31B /* SystemConfiguration.framework in Frameworks */,
				372C88D015463F1B00A3C31B /* MobileCoreServices.framework in Frameworks */,
				372C88D115463F1B00A3C31B /* Security.framework in Frameworks */,
				372C88D215463F1B00A3C31B /* CoreData.framework in Frameworks */,
				372C88D315463F1B00A3C31B /* CFNetwork.framework in Frameworks */,
				372C88D415463F1B00A3C31B /* UIKit.framework in Frameworks */,
				372C88D515463F1B00A3C31B /* Foundation.framework in Frameworks */,
				372C88D615463F1B00A3C31B /* CoreGraphics.framework in Frameworks */,
			);
			runOnlyForDeploymentPostprocessing = 0;
		};
		373110B4153E36C900FB43C8 /* Frameworks */ = {
			isa = PBXFrameworksBuildPhase;
			buildActionMask = 2147483647;
			files = (
				37311100153E38B900FB43C8 /* libRestKit.a in Frameworks */,
				373110E8153E386600FB43C8 /* QuartzCore.framework in Frameworks */,
				373110E6153E386100FB43C8 /* libxml2.dylib in Frameworks */,
				373110E4153E385B00FB43C8 /* SystemConfiguration.framework in Frameworks */,
				373110E2153E385600FB43C8 /* MobileCoreServices.framework in Frameworks */,
				373110E0153E384E00FB43C8 /* Security.framework in Frameworks */,
				373110DE153E384800FB43C8 /* CoreData.framework in Frameworks */,
				373110DC153E384100FB43C8 /* CFNetwork.framework in Frameworks */,
				373110BC153E36C900FB43C8 /* UIKit.framework in Frameworks */,
				373110BE153E36C900FB43C8 /* Foundation.framework in Frameworks */,
				373110C0153E36C900FB43C8 /* CoreGraphics.framework in Frameworks */,
			);
			runOnlyForDeploymentPostprocessing = 0;
		};
/* End PBXFrameworksBuildPhase section */

/* Begin PBXGroup section */
		371E294E15433BCF00ECCAEF /* views */ = {
			isa = PBXGroup;
			children = (
				371E295315433BFE00ECCAEF /* JBSignatureView.h */,
				371E295415433BFE00ECCAEF /* JBSignatureView.m */,
			);
			name = views;
			sourceTree = "<group>";
		};
		373110AC153E36C800FB43C8 = {
			isa = PBXGroup;
			children = (
				37B9A20415A2AD8800B0C0EF /* buttons */,
				373110C1153E36C900FB43C8 /* FishCount */,
				373110BA153E36C900FB43C8 /* Frameworks */,
				373110B8153E36C900FB43C8 /* Products */,
				37311126153E473F00FB43C8 /* FishCount copy-Info.plist */,
				372C88E615463F1C00A3C31B /* FishCount copy2-Info.plist */,
			);
			sourceTree = "<group>";
		};
		373110B8153E36C900FB43C8 /* Products */ = {
			isa = PBXGroup;
			children = (
				373110B7153E36C900FB43C8 /* FishCount.app */,
				372C88E415463F1B00A3C31B /* FishCount copy.app */,
			);
			name = Products;
			sourceTree = "<group>";
		};
		373110BA153E36C900FB43C8 /* Frameworks */ = {
			isa = PBXGroup;
			children = (
				373110E9153E387700FB43C8 /* RestKit.xcodeproj */,
				373110E5153E386100FB43C8 /* libxml2.dylib */,
				373110E7153E386600FB43C8 /* QuartzCore.framework */,
				373110E3153E385B00FB43C8 /* SystemConfiguration.framework */,
				373110E1153E385600FB43C8 /* MobileCoreServices.framework */,
				373110DF153E384E00FB43C8 /* Security.framework */,
				373110DD153E384800FB43C8 /* CoreData.framework */,
				373110DB153E384100FB43C8 /* CFNetwork.framework */,
				373110BB153E36C900FB43C8 /* UIKit.framework */,
				373110BD153E36C900FB43C8 /* Foundation.framework */,
				373110BF153E36C900FB43C8 /* CoreGraphics.framework */,
			);
			name = Frameworks;
			sourceTree = "<group>";
		};
		373110C1153E36C900FB43C8 /* FishCount */ = {
			isa = PBXGroup;
			children = (
				37DF3ECE15B36391005BE2A0 /* helpers */,
				371E294E15433BCF00ECCAEF /* views */,
				379DA49B154269390081D42F /* controllers */,
				37311101153E3A0000FB43C8 /* models */,
				373110CA153E36C900FB43C8 /* AppDelegate.h */,
				373110CB153E36C900FB43C8 /* AppDelegate.m */,
				373110CD153E36C900FB43C8 /* MainStoryboard.storyboard */,
				372C88B4154639A600A3C31B /* Model.xcdatamodeld */,
				373110C2153E36C900FB43C8 /* Supporting Files */,
				15653A7A15B83F84008C0F06 /* LICENSE */,
			);
			path = FishCount;
			sourceTree = "<group>";
		};
		373110C2153E36C900FB43C8 /* Supporting Files */ = {
			isa = PBXGroup;
			children = (
				372C88E7154642F600A3C31B /* RKSeedDatabase.sqlite */,
				37A2209215450060002E26CD /* iPhoneIcon_Medium.png */,
				37A2209415450089002E26CD /* iPhoneIcon_Big.png */,
				372C88AF1545201D00A3C31B /* Default-Landscape@2x~ipad.png */,
				372C88AD1545201900A3C31B /* Default-Landscape~ipad.png */,
				372C88AB1545201300A3C31B /* Default-Portrait@2x~ipad.png */,
				372C88A91545200E00A3C31B /* Default-Portrait~ipad.png */,
				371E295915433C3900ECCAEF /* images */,
				37311127153E475600FB43C8 /* visits.json */,
				373110C3153E36C900FB43C8 /* FishCount-Info.plist */,
				373110C4153E36C900FB43C8 /* InfoPlist.strings */,
				373110C7153E36C900FB43C8 /* main.m */,
				373110C9153E36C900FB43C8 /* FishCount-Prefix.pch */,
			);
			name = "Supporting Files";
			sourceTree = "<group>";
		};
		373110EA153E387700FB43C8 /* Products */ = {
			isa = PBXGroup;
			children = (
				373110F5153E387800FB43C8 /* libRestKit.a */,
				373110F7153E387800FB43C8 /* RestKitTests.octest */,
				373110F9153E387800FB43C8 /* RestKit.framework */,
				373110FB153E387800FB43C8 /* RestKitFrameworkTests.octest */,
				373110FD153E387800FB43C8 /* RestKitResources.bundle */,
			);
			name = Products;
			sourceTree = "<group>";
		};
		37311101153E3A0000FB43C8 /* models */ = {
			isa = PBXGroup;
			children = (
				37311102153E3AE000FB43C8 /* Visit.h */,
				37311103153E3AE000FB43C8 /* Visit.m */,
			);
			name = models;
			sourceTree = "<group>";
		};
		379DA49B154269390081D42F /* controllers */ = {
			isa = PBXGroup;
			children = (
				371E295615433C0800ECCAEF /* JBSignatureController.h */,
				371E295715433C0800ECCAEF /* JBSignatureController.m */,
				373110D0153E36C900FB43C8 /* MasterViewController.h */,
				373110D1153E36C900FB43C8 /* MasterViewController.m */,
				377BE1AF159CFCE10020E6F6 /* DetailViewController.h */,
				377BE1B0159CFCE10020E6F6 /* DetailViewController.m */,
				379DA49C154269710081D42F /* ScheduleViewController.h */,
				379DA49D154269710081D42F /* ScheduleViewController.m */,
				37293A27154498F2007560A7 /* VisitorCounterViewController.h */,
				37293A28154498F2007560A7 /* VisitorCounterViewController.m */,
			);
			name = controllers;
			sourceTree = "<group>";
		};
		37B9A20415A2AD8800B0C0EF /* buttons */ = {
			isa = PBXGroup;
			children = (
				377A39D815A40396000BD5FC /* checkmark.png */,
				377A39D915A40396000BD5FC /* checkmark@2x.png */,
				37B9A20515A2AD8800B0C0EF /* blackButton.png */,
				37B9A20615A2AD8800B0C0EF /* blackButton@2x.png */,
				37B9A20715A2AD8800B0C0EF /* blackButtonHighlight.png */,
				37B9A20815A2AD8800B0C0EF /* blackButtonHighlight@2x.png */,
				37B9A20915A2AD8800B0C0EF /* blueButton.png */,
				37B9A20A15A2AD8800B0C0EF /* blueButton@2x.png */,
				37B9A20B15A2AD8800B0C0EF /* blueButtonHighlight.png */,
				37B9A20C15A2AD8800B0C0EF /* blueButtonHighlight@2x.png */,
				37B9A20D15A2AD8800B0C0EF /* greenButton.png */,
				37B9A20E15A2AD8800B0C0EF /* greenButton@2x.png */,
				37B9A20F15A2AD8800B0C0EF /* greenButtonHighlight.png */,
				37B9A21015A2AD8800B0C0EF /* greenButtonHighlight@2x.png */,
				37B9A21115A2AD8800B0C0EF /* greyButton.png */,
				37B9A21215A2AD8800B0C0EF /* greyButton@2x.png */,
				37B9A21315A2AD8800B0C0EF /* greyButton@2xpng */,
				37B9A21415A2AD8800B0C0EF /* greyButtonHighlight.png */,
				37B9A21515A2AD8800B0C0EF /* greyButtonHighlight@2x.png */,
				37B9A21615A2AD8800B0C0EF /* orangeButton.png */,
				37B9A21715A2AD8800B0C0EF /* orangeButton@2x.png */,
				37B9A21815A2AD8800B0C0EF /* orangeButtonHighlight.png */,
				37B9A21915A2AD8800B0C0EF /* orangeButtonHighlight@2x.png */,
				37B9A21A15A2AD8800B0C0EF /* tanButton.png */,
				37B9A21B15A2AD8800B0C0EF /* tanButton@2x.png */,
				37B9A21C15A2AD8800B0C0EF /* tanButtonHighlight.png */,
				37B9A21D15A2AD8800B0C0EF /* tanButtonHighlight@2x.png */,
				37B9A21E15A2AD8800B0C0EF /* whiteButton.png */,
				37B9A21F15A2AD8800B0C0EF /* whiteButton@2x.png */,
				37B9A22015A2AD8800B0C0EF /* whiteButtonHighlight.png */,
				37B9A22115A2AD8800B0C0EF /* whiteButtonHighlight@2x.png */,
			);
			path = buttons;
			sourceTree = "<group>";
		};
		37DF3ECE15B36391005BE2A0 /* helpers */ = {
			isa = PBXGroup;
			children = (
				37DF3ECF15B363A2005BE2A0 /* ImageHelper.h */,
				37DF3ED015B363A2005BE2A0 /* ImageHelper.m */,
			);
			name = helpers;
			sourceTree = "<group>";
		};
/* End PBXGroup section */

/* Begin PBXNativeTarget section */
		372C88B715463F1B00A3C31B /* Seed Database */ = {
			isa = PBXNativeTarget;
			buildConfigurationList = 372C88E115463F1B00A3C31B /* Build configuration list for PBXNativeTarget "Seed Database" */;
			buildPhases = (
				372C88BC15463F1B00A3C31B /* Sources */,
				372C88CA15463F1B00A3C31B /* Frameworks */,
				372C88D715463F1B00A3C31B /* Resources */,
			);
			buildRules = (
			);
			dependencies = (
				372C88BA15463F1B00A3C31B /* PBXTargetDependency */,
			);
			name = "Seed Database";
			productName = FishCount;
			productReference = 372C88E415463F1B00A3C31B /* FishCount copy.app */;
			productType = "com.apple.product-type.application";
		};
		373110B6153E36C900FB43C8 /* FishCount */ = {
			isa = PBXNativeTarget;
			buildConfigurationList = 373110D8153E36C900FB43C8 /* Build configuration list for PBXNativeTarget "FishCount" */;
			buildPhases = (
				373110B3153E36C900FB43C8 /* Sources */,
				373110B4153E36C900FB43C8 /* Frameworks */,
				373110B5153E36C900FB43C8 /* Resources */,
			);
			buildRules = (
			);
			dependencies = (
				373110FF153E38AF00FB43C8 /* PBXTargetDependency */,
			);
			name = FishCount;
			productName = FishCount;
			productReference = 373110B7153E36C900FB43C8 /* FishCount.app */;
			productType = "com.apple.product-type.application";
		};
/* End PBXNativeTarget section */

/* Begin PBXProject section */
		373110AE153E36C800FB43C8 /* Project object */ = {
			isa = PBXProject;
			attributes = {
				LastUpgradeCheck = 0430;
			};
			buildConfigurationList = 373110B1153E36C800FB43C8 /* Build configuration list for PBXProject "FishCount" */;
			compatibilityVersion = "Xcode 3.2";
			developmentRegion = English;
			hasScannedForEncodings = 0;
			knownRegions = (
				en,
			);
			mainGroup = 373110AC153E36C800FB43C8;
			productRefGroup = 373110B8153E36C900FB43C8 /* Products */;
			projectDirPath = "";
			projectReferences = (
				{
					ProductGroup = 373110EA153E387700FB43C8 /* Products */;
					ProjectRef = 373110E9153E387700FB43C8 /* RestKit.xcodeproj */;
				},
			);
			projectRoot = "";
			targets = (
				373110B6153E36C900FB43C8 /* FishCount */,
				372C88B715463F1B00A3C31B /* Seed Database */,
			);
		};
/* End PBXProject section */

/* Begin PBXReferenceProxy section */
		373110F5153E387800FB43C8 /* libRestKit.a */ = {
			isa = PBXReferenceProxy;
			fileType = archive.ar;
			path = libRestKit.a;
			remoteRef = 373110F4153E387800FB43C8 /* PBXContainerItemProxy */;
			sourceTree = BUILT_PRODUCTS_DIR;
		};
		373110F7153E387800FB43C8 /* RestKitTests.octest */ = {
			isa = PBXReferenceProxy;
			fileType = wrapper.cfbundle;
			path = RestKitTests.octest;
			remoteRef = 373110F6153E387800FB43C8 /* PBXContainerItemProxy */;
			sourceTree = BUILT_PRODUCTS_DIR;
		};
		373110F9153E387800FB43C8 /* RestKit.framework */ = {
			isa = PBXReferenceProxy;
			fileType = wrapper.framework;
			path = RestKit.framework;
			remoteRef = 373110F8153E387800FB43C8 /* PBXContainerItemProxy */;
			sourceTree = BUILT_PRODUCTS_DIR;
		};
		373110FB153E387800FB43C8 /* RestKitFrameworkTests.octest */ = {
			isa = PBXReferenceProxy;
			fileType = wrapper.cfbundle;
			path = RestKitFrameworkTests.octest;
			remoteRef = 373110FA153E387800FB43C8 /* PBXContainerItemProxy */;
			sourceTree = BUILT_PRODUCTS_DIR;
		};
		373110FD153E387800FB43C8 /* RestKitResources.bundle */ = {
			isa = PBXReferenceProxy;
			fileType = wrapper.cfbundle;
			path = RestKitResources.bundle;
			remoteRef = 373110FC153E387800FB43C8 /* PBXContainerItemProxy */;
			sourceTree = BUILT_PRODUCTS_DIR;
		};
/* End PBXReferenceProxy section */

/* Begin PBXResourcesBuildPhase section */
		372C88D715463F1B00A3C31B /* Resources */ = {
			isa = PBXResourcesBuildPhase;
			buildActionMask = 2147483647;
			files = (
				372C88D815463F1B00A3C31B /* InfoPlist.strings in Resources */,
				372C88D915463F1B00A3C31B /* MainStoryboard.storyboard in Resources */,
				372C88DA15463F1B00A3C31B /* images in Resources */,
				372C88DB15463F1B00A3C31B /* iPhoneIcon_Medium.png in Resources */,
				372C88DC15463F1B00A3C31B /* iPhoneIcon_Big.png in Resources */,
				372C88DD15463F1B00A3C31B /* Default-Portrait~ipad.png in Resources */,
				372C88DE15463F1B00A3C31B /* Default-Portrait@2x~ipad.png in Resources */,
				372C88DF15463F1B00A3C31B /* Default-Landscape~ipad.png in Resources */,
				372C88E015463F1B00A3C31B /* Default-Landscape@2x~ipad.png in Resources */,
			);
			runOnlyForDeploymentPostprocessing = 0;
		};
		373110B5153E36C900FB43C8 /* Resources */ = {
			isa = PBXResourcesBuildPhase;
			buildActionMask = 2147483647;
			files = (
				373110C6153E36C900FB43C8 /* InfoPlist.strings in Resources */,
				373110CF153E36C900FB43C8 /* MainStoryboard.storyboard in Resources */,
				371E295A15433C3900ECCAEF /* images in Resources */,
				37A2209315450060002E26CD /* iPhoneIcon_Medium.png in Resources */,
				37A2209515450089002E26CD /* iPhoneIcon_Big.png in Resources */,
				372C88AA1545200E00A3C31B /* Default-Portrait~ipad.png in Resources */,
				372C88AC1545201300A3C31B /* Default-Portrait@2x~ipad.png in Resources */,
				372C88AE1545201900A3C31B /* Default-Landscape~ipad.png in Resources */,
				372C88B01545201D00A3C31B /* Default-Landscape@2x~ipad.png in Resources */,
				372C88E8154642F600A3C31B /* RKSeedDatabase.sqlite in Resources */,
				37B9A22215A2AD8800B0C0EF /* blackButton.png in Resources */,
				37B9A22315A2AD8800B0C0EF /* blackButton@2x.png in Resources */,
				37B9A22415A2AD8800B0C0EF /* blackButtonHighlight.png in Resources */,
				37B9A22515A2AD8800B0C0EF /* blackButtonHighlight@2x.png in Resources */,
				37B9A22615A2AD8800B0C0EF /* blueButton.png in Resources */,
				37B9A22715A2AD8800B0C0EF /* blueButton@2x.png in Resources */,
				37B9A22815A2AD8800B0C0EF /* blueButtonHighlight.png in Resources */,
				37B9A22915A2AD8800B0C0EF /* blueButtonHighlight@2x.png in Resources */,
				37B9A22A15A2AD8800B0C0EF /* greenButton.png in Resources */,
				37B9A22B15A2AD8800B0C0EF /* greenButton@2x.png in Resources */,
				37B9A22C15A2AD8800B0C0EF /* greenButtonHighlight.png in Resources */,
				37B9A22D15A2AD8800B0C0EF /* greenButtonHighlight@2x.png in Resources */,
				37B9A22E15A2AD8800B0C0EF /* greyButton.png in Resources */,
				37B9A22F15A2AD8800B0C0EF /* greyButton@2x.png in Resources */,
				37B9A23015A2AD8800B0C0EF /* greyButton@2xpng in Resources */,
				37B9A23115A2AD8800B0C0EF /* greyButtonHighlight.png in Resources */,
				37B9A23215A2AD8800B0C0EF /* greyButtonHighlight@2x.png in Resources */,
				37B9A23315A2AD8800B0C0EF /* orangeButton.png in Resources */,
				37B9A23415A2AD8800B0C0EF /* orangeButton@2x.png in Resources */,
				37B9A23515A2AD8800B0C0EF /* orangeButtonHighlight.png in Resources */,
				37B9A23615A2AD8800B0C0EF /* orangeButtonHighlight@2x.png in Resources */,
				37B9A23715A2AD8800B0C0EF /* tanButton.png in Resources */,
				37B9A23815A2AD8800B0C0EF /* tanButton@2x.png in Resources */,
				37B9A23915A2AD8800B0C0EF /* tanButtonHighlight.png in Resources */,
				37B9A23A15A2AD8800B0C0EF /* tanButtonHighlight@2x.png in Resources */,
				37B9A23B15A2AD8800B0C0EF /* whiteButton.png in Resources */,
				37B9A23C15A2AD8800B0C0EF /* whiteButton@2x.png in Resources */,
				37B9A23D15A2AD8800B0C0EF /* whiteButtonHighlight.png in Resources */,
				37B9A23E15A2AD8800B0C0EF /* whiteButtonHighlight@2x.png in Resources */,
				377A39DA15A40396000BD5FC /* checkmark.png in Resources */,
				377A39DB15A40396000BD5FC /* checkmark@2x.png in Resources */,
				15653A7B15B83F84008C0F06 /* LICENSE in Resources */,
			);
			runOnlyForDeploymentPostprocessing = 0;
		};
/* End PBXResourcesBuildPhase section */

/* Begin PBXSourcesBuildPhase section */
		372C88BC15463F1B00A3C31B /* Sources */ = {
			isa = PBXSourcesBuildPhase;
			buildActionMask = 2147483647;
			files = (
				372C88BD15463F1B00A3C31B /* main.m in Sources */,
				372C88BE15463F1B00A3C31B /* AppDelegate.m in Sources */,
				372C88BF15463F1B00A3C31B /* MasterViewController.m in Sources */,
				372C88C115463F1B00A3C31B /* Visit.m in Sources */,
				372C88C415463F1B00A3C31B /* ScheduleViewController.m in Sources */,
				372C88C615463F1B00A3C31B /* JBSignatureView.m in Sources */,
				372C88C715463F1B00A3C31B /* JBSignatureController.m in Sources */,
				372C88C815463F1B00A3C31B /* VisitorCounterViewController.m in Sources */,
				372C88C915463F1B00A3C31B /* Model.xcdatamodeld in Sources */,
				377BE1B2159CFCE10020E6F6 /* DetailViewController.m in Sources */,
			);
			runOnlyForDeploymentPostprocessing = 0;
		};
		373110B3153E36C900FB43C8 /* Sources */ = {
			isa = PBXSourcesBuildPhase;
			buildActionMask = 2147483647;
			files = (
				373110C8153E36C900FB43C8 /* main.m in Sources */,
				373110CC153E36C900FB43C8 /* AppDelegate.m in Sources */,
				373110D2153E36C900FB43C8 /* MasterViewController.m in Sources */,
				37311104153E3AE000FB43C8 /* Visit.m in Sources */,
				379DA49E154269710081D42F /* ScheduleViewController.m in Sources */,
				371E295515433BFE00ECCAEF /* JBSignatureView.m in Sources */,
				371E295815433C0800ECCAEF /* JBSignatureController.m in Sources */,
				37293A29154498F3007560A7 /* VisitorCounterViewController.m in Sources */,
				372C88B6154639A600A3C31B /* Model.xcdatamodeld in Sources */,
				377BE1B1159CFCE10020E6F6 /* DetailViewController.m in Sources */,
				37DF3ED115B363A2005BE2A0 /* ImageHelper.m in Sources */,
			);
			runOnlyForDeploymentPostprocessing = 0;
		};
/* End PBXSourcesBuildPhase section */

/* Begin PBXTargetDependency section */
		372C88BA15463F1B00A3C31B /* PBXTargetDependency */ = {
			isa = PBXTargetDependency;
			name = RestKit;
			targetProxy = 372C88BB15463F1B00A3C31B /* PBXContainerItemProxy */;
		};
		373110FF153E38AF00FB43C8 /* PBXTargetDependency */ = {
			isa = PBXTargetDependency;
			name = RestKit;
			targetProxy = 373110FE153E38AF00FB43C8 /* PBXContainerItemProxy */;
		};
/* End PBXTargetDependency section */

/* Begin PBXVariantGroup section */
		373110C4153E36C900FB43C8 /* InfoPlist.strings */ = {
			isa = PBXVariantGroup;
			children = (
				373110C5153E36C900FB43C8 /* en */,
			);
			name = InfoPlist.strings;
			sourceTree = "<group>";
		};
		373110CD153E36C900FB43C8 /* MainStoryboard.storyboard */ = {
			isa = PBXVariantGroup;
			children = (
				373110CE153E36C900FB43C8 /* en */,
			);
			name = MainStoryboard.storyboard;
			sourceTree = "<group>";
		};
/* End PBXVariantGroup section */

/* Begin XCBuildConfiguration section */
		372C88E215463F1B00A3C31B /* Debug */ = {
			isa = XCBuildConfiguration;
			buildSettings = {
				GCC_PRECOMPILE_PREFIX_HEADER = YES;
				GCC_PREFIX_HEADER = "FishCount/FishCount-Prefix.pch";
				GCC_PREPROCESSOR_DEFINITIONS = (
					RESTKIT_GENERATE_SEED_DB,
					"DEBUG=1",
				);
				HEADER_SEARCH_PATHS = (
					"\"$(BUILT_PRODUCTS_DIR)/../../Headers\"",
					"\"$(SRCROOT)/IBAForms/library/headers\"",
				);
				INFOPLIST_FILE = "FishCount copy2-Info.plist";
				OTHER_LDFLAGS = (
					"-ObjC",
					"-all_load",
				);
				PRODUCT_NAME = "FishCount copy";
				USER_HEADER_SEARCH_PATHS = "";
				WRAPPER_EXTENSION = app;
			};
			name = Debug;
		};
		372C88E315463F1B00A3C31B /* Release */ = {
			isa = XCBuildConfiguration;
			buildSettings = {
				GCC_PRECOMPILE_PREFIX_HEADER = YES;
				GCC_PREFIX_HEADER = "FishCount/FishCount-Prefix.pch";
				GCC_PREPROCESSOR_DEFINITIONS = RESTKIT_GENERATE_SEED_DB;
				HEADER_SEARCH_PATHS = (
					"\"$(BUILT_PRODUCTS_DIR)/../../Headers\"",
					"\"$(SRCROOT)/IBAForms/library/headers\"",
				);
				INFOPLIST_FILE = "FishCount copy2-Info.plist";
				OTHER_LDFLAGS = (
					"-ObjC",
					"-all_load",
				);
				PRODUCT_NAME = "FishCount copy";
				USER_HEADER_SEARCH_PATHS = "";
				WRAPPER_EXTENSION = app;
			};
			name = Release;
		};
		373110D6153E36C900FB43C8 /* Debug */ = {
			isa = XCBuildConfiguration;
			buildSettings = {
				ALWAYS_SEARCH_USER_PATHS = NO;
				ARCHS = "$(ARCHS_STANDARD_32_BIT)";
				CLANG_ENABLE_OBJC_ARC = YES;
				"CODE_SIGN_IDENTITY[sdk=iphoneos*]" = "iPhone Developer";
				COPY_PHASE_STRIP = NO;
				GCC_C_LANGUAGE_STANDARD = gnu99;
				GCC_DYNAMIC_NO_PIC = NO;
				GCC_OPTIMIZATION_LEVEL = 0;
				GCC_PREPROCESSOR_DEFINITIONS = (
					"DEBUG=1",
					"$(inherited)",
				);
				GCC_SYMBOLS_PRIVATE_EXTERN = NO;
				GCC_VERSION = com.apple.compilers.llvm.clang.1_0;
				GCC_WARN_ABOUT_RETURN_TYPE = YES;
				GCC_WARN_UNINITIALIZED_AUTOS = YES;
				GCC_WARN_UNUSED_VARIABLE = YES;
				IPHONEOS_DEPLOYMENT_TARGET = 5.1;
				SDKROOT = iphoneos;
				TARGETED_DEVICE_FAMILY = 2;
			};
			name = Debug;
		};
		373110D7153E36C900FB43C8 /* Release */ = {
			isa = XCBuildConfiguration;
			buildSettings = {
				ALWAYS_SEARCH_USER_PATHS = NO;
				ARCHS = "$(ARCHS_STANDARD_32_BIT)";
				CLANG_ENABLE_OBJC_ARC = YES;
				"CODE_SIGN_IDENTITY[sdk=iphoneos*]" = "iPhone Developer";
				COPY_PHASE_STRIP = YES;
				GCC_C_LANGUAGE_STANDARD = gnu99;
				GCC_VERSION = com.apple.compilers.llvm.clang.1_0;
				GCC_WARN_ABOUT_RETURN_TYPE = YES;
				GCC_WARN_UNINITIALIZED_AUTOS = YES;
				GCC_WARN_UNUSED_VARIABLE = YES;
				IPHONEOS_DEPLOYMENT_TARGET = 5.1;
				OTHER_CFLAGS = "-DNS_BLOCK_ASSERTIONS=1";
				SDKROOT = iphoneos;
				TARGETED_DEVICE_FAMILY = 2;
				VALIDATE_PRODUCT = YES;
			};
			name = Release;
		};
		373110D9153E36C900FB43C8 /* Debug */ = {
			isa = XCBuildConfiguration;
			buildSettings = {
				CLANG_ENABLE_OBJC_ARC = YES;
				GCC_PRECOMPILE_PREFIX_HEADER = YES;
				GCC_PREFIX_HEADER = "FishCount/FishCount-Prefix.pch";
				HEADER_SEARCH_PATHS = (
					"\"$(BUILT_PRODUCTS_DIR)/../../Headers\"",
					"\"$(SRCROOT)/IBAForms/library/headers\"",
				);
				INFOPLIST_FILE = "FishCount/FishCount-Info.plist";
				OTHER_LDFLAGS = (
					"-ObjC",
					"-all_load",
				);
				PRODUCT_NAME = "$(TARGET_NAME)";
				USER_HEADER_SEARCH_PATHS = "";
				WRAPPER_EXTENSION = app;
			};
			name = Debug;
		};
		373110DA153E36C900FB43C8 /* Release */ = {
			isa = XCBuildConfiguration;
			buildSettings = {
				CLANG_ENABLE_OBJC_ARC = YES;
				GCC_PRECOMPILE_PREFIX_HEADER = YES;
				GCC_PREFIX_HEADER = "FishCount/FishCount-Prefix.pch";
				HEADER_SEARCH_PATHS = (
					"\"$(BUILT_PRODUCTS_DIR)/../../Headers\"",
					"\"$(SRCROOT)/IBAForms/library/headers\"",
				);
				INFOPLIST_FILE = "FishCount/FishCount-Info.plist";
				OTHER_LDFLAGS = (
					"-ObjC",
					"-all_load",
				);
				PRODUCT_NAME = "$(TARGET_NAME)";
				USER_HEADER_SEARCH_PATHS = "";
				WRAPPER_EXTENSION = app;
			};
			name = Release;
		};
/* End XCBuildConfiguration section */

/* Begin XCConfigurationList section */
		372C88E115463F1B00A3C31B /* Build configuration list for PBXNativeTarget "Seed Database" */ = {
			isa = XCConfigurationList;
			buildConfigurations = (
				372C88E215463F1B00A3C31B /* Debug */,
				372C88E315463F1B00A3C31B /* Release */,
			);
			defaultConfigurationIsVisible = 0;
			defaultConfigurationName = Release;
		};
		373110B1153E36C800FB43C8 /* Build configuration list for PBXProject "FishCount" */ = {
			isa = XCConfigurationList;
			buildConfigurations = (
				373110D6153E36C900FB43C8 /* Debug */,
				373110D7153E36C900FB43C8 /* Release */,
			);
			defaultConfigurationIsVisible = 0;
			defaultConfigurationName = Release;
		};
		373110D8153E36C900FB43C8 /* Build configuration list for PBXNativeTarget "FishCount" */ = {
			isa = XCConfigurationList;
			buildConfigurations = (
				373110D9153E36C900FB43C8 /* Debug */,
				373110DA153E36C900FB43C8 /* Release */,
			);
			defaultConfigurationIsVisible = 0;
			defaultConfigurationName = Release;
		};
/* End XCConfigurationList section */

/* Begin XCVersionGroup section */
		372C88B4154639A600A3C31B /* Model.xcdatamodeld */ = {
			isa = XCVersionGroup;
			children = (
				372C88B5154639A600A3C31B /* Model.xcdatamodel */,
			);
			currentVersion = 372C88B5154639A600A3C31B /* Model.xcdatamodel */;
			path = Model.xcdatamodeld;
			sourceTree = "<group>";
			versionGroupType = wrapper.xcdatamodel;
		};
/* End XCVersionGroup section */
	};
	rootObject = 373110AE153E36C800FB43C8 /* Project object */;
}
